// !$*UTF8*$!
{
	archiveVersion = 1;
	classes = {
	};
	objectVersion = 46;
	objects = {

/* Begin PBXBuildFile section */
		8C69BC541F1431C000FED63F /* AppDelegate.swift in Sources */ = {isa = PBXBuildFile; fileRef = 8C69BC531F1431C000FED63F /* AppDelegate.swift */; };
		8C69BC561F1431C000FED63F /* ViewController.swift in Sources */ = {isa = PBXBuildFile; fileRef = 8C69BC551F1431C000FED63F /* ViewController.swift */; };
		8C69BC591F1431C000FED63F /* Main.storyboard in Resources */ = {isa = PBXBuildFile; fileRef = 8C69BC571F1431C000FED63F /* Main.storyboard */; };
		8C69BC5B1F1431C000FED63F /* Assets.xcassets in Resources */ = {isa = PBXBuildFile; fileRef = 8C69BC5A1F1431C000FED63F /* Assets.xcassets */; };
		8C69BC5E1F1431C000FED63F /* LaunchScreen.storyboard in Resources */ = {isa = PBXBuildFile; fileRef = 8C69BC5C1F1431C000FED63F /* LaunchScreen.storyboard */; };
		8C69BC691F1431C000FED63F /* BucketListTests.swift in Sources */ = {isa = PBXBuildFile; fileRef = 8C69BC681F1431C000FED63F /* BucketListTests.swift */; };
		8C69BC741F1431C000FED63F /* BucketListUITests.swift in Sources */ = {isa = PBXBuildFile; fileRef = 8C69BC731F1431C000FED63F /* BucketListUITests.swift */; };
/* End PBXBuildFile section */

/* Begin PBXContainerItemProxy section */
		8C69BC651F1431C000FED63F /* PBXContainerItemProxy */ = {
			isa = PBXContainerItemProxy;
			containerPortal = 8C69BC481F1431C000FED63F /* Project object */;
			proxyType = 1;
			remoteGlobalIDString = 8C69BC4F1F1431C000FED63F;
			remoteInfo = BucketList;
		};
		8C69BC701F1431C000FED63F /* PBXContainerItemProxy */ = {
			isa = PBXContainerItemProxy;
			containerPortal = 8C69BC481F1431C000FED63F /* Project object */;
			proxyType = 1;
			remoteGlobalIDString = 8C69BC4F1F1431C000FED63F;
			remoteInfo = BucketList;
		};
/* End PBXContainerItemProxy section */

/* Begin PBXFileReference section */
		8C69BC501F1431C000FED63F /* BucketList.app */ = {isa = PBXFileReference; explicitFileType = wrapper.application; includeInIndex = 0; path = BucketList.app; sourceTree = BUILT_PRODUCTS_DIR; };
		8C69BC531F1431C000FED63F /* AppDelegate.swift */ = {isa = PBXFileReference; lastKnownFileType = sourcecode.swift; path = AppDelegate.swift; sourceTree = "<group>"; };
		8C69BC551F1431C000FED63F /* ViewController.swift */ = {isa = PBXFileReference; lastKnownFileType = sourcecode.swift; path = ViewController.swift; sourceTree = "<group>"; };
		8C69BC581F1431C000FED63F /* Base */ = {isa = PBXFileReference; lastKnownFileType = file.storyboard; name = Base; path = Base.lproj/Main.storyboard; sourceTree = "<group>"; };
		8C69BC5A1F1431C000FED63F /* Assets.xcassets */ = {isa = PBXFileReference; lastKnownFileType = folder.assetcatalog; path = Assets.xcassets; sourceTree = "<group>"; };
		8C69BC5D1F1431C000FED63F /* Base */ = {isa = PBXFileReference; lastKnownFileType = file.storyboard; name = Base; path = Base.lproj/LaunchScreen.storyboard; sourceTree = "<group>"; };
		8C69BC5F1F1431C000FED63F /* Info.plist */ = {isa = PBXFileReference; lastKnownFileType = text.plist.xml; path = Info.plist; sourceTree = "<group>"; };
		8C69BC641F1431C000FED63F /* BucketListTests.xctest */ = {isa = PBXFileReference; explicitFileType = wrapper.cfbundle; includeInIndex = 0; path = BucketListTests.xctest; sourceTree = BUILT_PRODUCTS_DIR; };
		8C69BC681F1431C000FED63F /* BucketListTests.swift */ = {isa = PBXFileReference; lastKnownFileType = sourcecode.swift; path = BucketListTests.swift; sourceTree = "<group>"; };
		8C69BC6A1F1431C000FED63F /* Info.plist */ = {isa = PBXFileReference; lastKnownFileType = text.plist.xml; path = Info.plist; sourceTree = "<group>"; };
		8C69BC6F1F1431C000FED63F /* BucketListUITests.xctest */ = {isa = PBXFileReference; explicitFileType = wrapper.cfbundle; includeInIndex = 0; path = BucketListUITests.xctest; sourceTree = BUILT_PRODUCTS_DIR; };
		8C69BC731F1431C000FED63F /* BucketListUITests.swift */ = {isa = PBXFileReference; lastKnownFileType = sourcecode.swift; path = BucketListUITests.swift; sourceTree = "<group>"; };
		8C69BC751F1431C000FED63F /* Info.plist */ = {isa = PBXFileReference; lastKnownFileType = text.plist.xml; path = Info.plist; sourceTree = "<group>"; };
/* End PBXFileReference section */

/* Begin PBXFrameworksBuildPhase section */
		8C69BC4D1F1431C000FED63F /* Frameworks */ = {
			isa = PBXFrameworksBuildPhase;
			buildActionMask = 2147483647;
			files = (
			);
			runOnlyForDeploymentPostprocessing = 0;
		};
		8C69BC611F1431C000FED63F /* Frameworks */ = {
			isa = PBXFrameworksBuildPhase;
			buildActionMask = 2147483647;
			files = (
			);
			runOnlyForDeploymentPostprocessing = 0;
		};
		8C69BC6C1F1431C000FED63F /* Frameworks */ = {
			isa = PBXFrameworksBuildPhase;
			buildActionMask = 2147483647;
			files = (
			);
			runOnlyForDeploymentPostprocessing = 0;
		};
/* End PBXFrameworksBuildPhase section */

/* Begin PBXGroup section */
		8C69BC471F1431C000FED63F = {
			isa = PBXGroup;
			children = (
				8C69BC521F1431C000FED63F /* BucketList */,
				8C69BC671F1431C000FED63F /* BucketListTests */,
				8C69BC721F1431C000FED63F /* BucketListUITests */,
				8C69BC511F1431C000FED63F /* Products */,
			);
			sourceTree = "<group>";
		};
		8C69BC511F1431C000FED63F /* Products */ = {
			isa = PBXGroup;
			children = (
				8C69BC501F1431C000FED63F /* BucketList.app */,
				8C69BC641F1431C000FED63F /* BucketListTests.xctest */,
				8C69BC6F1F1431C000FED63F /* BucketListUITests.xctest */,
			);
			name = Products;
			sourceTree = "<group>";
		};
		8C69BC521F1431C000FED63F /* BucketList */ = {
			isa = PBXGroup;
			children = (
				8C69BC531F1431C000FED63F /* AppDelegate.swift */,
				8C69BC551F1431C000FED63F /* ViewController.swift */,
				8C69BC571F1431C000FED63F /* Main.storyboard */,
				8C69BC5A1F1431C000FED63F /* Assets.xcassets */,
				8C69BC5C1F1431C000FED63F /* LaunchScreen.storyboard */,
				8C69BC5F1F1431C000FED63F /* Info.plist */,
			);
			path = BucketList;
			sourceTree = "<group>";
		};
		8C69BC671F1431C000FED63F /* BucketListTests */ = {
			isa = PBXGroup;
			children = (
				8C69BC681F1431C000FED63F /* BucketListTests.swift */,
				8C69BC6A1F1431C000FED63F /* Info.plist */,
			);
			path = BucketListTests;
			sourceTree = "<group>";
		};
		8C69BC721F1431C000FED63F /* BucketListUITests */ = {
			isa = PBXGroup;
			children = (
				8C69BC731F1431C000FED63F /* BucketListUITests.swift */,
				8C69BC751F1431C000FED63F /* Info.plist */,
			);
			path = BucketListUITests;
			sourceTree = "<group>";
		};
/* End PBXGroup section */

/* Begin PBXNativeTarget section */
		8C69BC4F1F1431C000FED63F /* BucketList */ = {
			isa = PBXNativeTarget;
			buildConfigurationList = 8C69BC781F1431C000FED63F /* Build configuration list for PBXNativeTarget "BucketList" */;
			buildPhases = (
				8C69BC4C1F1431C000FED63F /* Sources */,
				8C69BC4D1F1431C000FED63F /* Frameworks */,
				8C69BC4E1F1431C000FED63F /* Resources */,
			);
			buildRules = (
			);
			dependencies = (
			);
			name = BucketList;
			productName = BucketList;
			productReference = 8C69BC501F1431C000FED63F /* BucketList.app */;
			productType = "com.apple.product-type.application";
		};
		8C69BC631F1431C000FED63F /* BucketListTests */ = {
			isa = PBXNativeTarget;
			buildConfigurationList = 8C69BC7B1F1431C000FED63F /* Build configuration list for PBXNativeTarget "BucketListTests" */;
			buildPhases = (
				8C69BC601F1431C000FED63F /* Sources */,
				8C69BC611F1431C000FED63F /* Frameworks */,
				8C69BC621F1431C000FED63F /* Resources */,
			);
			buildRules = (
			);
			dependencies = (
				8C69BC661F1431C000FED63F /* PBXTargetDependency */,
			);
			name = BucketListTests;
			productName = BucketListTests;
			productReference = 8C69BC641F1431C000FED63F /* BucketListTests.xctest */;
			productType = "com.apple.product-type.bundle.unit-test";
		};
		8C69BC6E1F1431C000FED63F /* BucketListUITests */ = {
			isa = PBXNativeTarget;
			buildConfigurationList = 8C69BC7E1F1431C000FED63F /* Build configuration list for PBXNativeTarget "BucketListUITests" */;
			buildPhases = (
				8C69BC6B1F1431C000FED63F /* Sources */,
				8C69BC6C1F1431C000FED63F /* Frameworks */,
				8C69BC6D1F1431C000FED63F /* Resources */,
			);
			buildRules = (
			);
			dependencies = (
				8C69BC711F1431C000FED63F /* PBXTargetDependency */,
			);
			name = BucketListUITests;
			productName = BucketListUITests;
			productReference = 8C69BC6F1F1431C000FED63F /* BucketListUITests.xctest */;
			productType = "com.apple.product-type.bundle.ui-testing";
		};
/* End PBXNativeTarget section */

/* Begin PBXProject section */
		8C69BC481F1431C000FED63F /* Project object */ = {
			isa = PBXProject;
			attributes = {
				LastSwiftUpdateCheck = 0830;
				LastUpgradeCheck = 0830;
				ORGANIZATIONNAME = "Kaan Kabalak";
				TargetAttributes = {
					8C69BC4F1F1431C000FED63F = {
						CreatedOnToolsVersion = 8.3.3;
						DevelopmentTeam = G6RP4M9WGT;
						ProvisioningStyle = Automatic;
					};
					8C69BC631F1431C000FED63F = {
						CreatedOnToolsVersion = 8.3.3;
						DevelopmentTeam = G6RP4M9WGT;
						ProvisioningStyle = Automatic;
						TestTargetID = 8C69BC4F1F1431C000FED63F;
					};
					8C69BC6E1F1431C000FED63F = {
						CreatedOnToolsVersion = 8.3.3;
						DevelopmentTeam = G6RP4M9WGT;
						ProvisioningStyle = Automatic;
						TestTargetID = 8C69BC4F1F1431C000FED63F;
					};
				};
			};
			buildConfigurationList = 8C69BC4B1F1431C000FED63F /* Build configuration list for PBXProject "BucketList" */;
			compatibilityVersion = "Xcode 3.2";
			developmentRegion = English;
			hasScannedForEncodings = 0;
			knownRegions = (
				en,
				Base,
			);
			mainGroup = 8C69BC471F1431C000FED63F;
			productRefGroup = 8C69BC511F1431C000FED63F /* Products */;
			projectDirPath = "";
			projectRoot = "";
			targets = (
				8C69BC4F1F1431C000FED63F /* BucketList */,
				8C69BC631F1431C000FED63F /* BucketListTests */,
				8C69BC6E1F1431C000FED63F /* BucketListUITests */,
			);
		};
/* End PBXProject section */

/* Begin PBXResourcesBuildPhase section */
		8C69BC4E1F1431C000FED63F /* Resources */ = {
			isa = PBXResourcesBuildPhase;
			buildActionMask = 2147483647;
			files = (
				8C69BC5E1F1431C000FED63F /* LaunchScreen.storyboard in Resources */,
				8C69BC5B1F1431C000FED63F /* Assets.xcassets in Resources */,
				8C69BC591F1431C000FED63F /* Main.storyboard in Resources */,
			);
			runOnlyForDeploymentPostprocessing = 0;
		};
		8C69BC621F1431C000FED63F /* Resources */ = {
			isa = PBXResourcesBuildPhase;
			buildActionMask = 2147483647;
			files = (
			);
			runOnlyForDeploymentPostprocessing = 0;
		};
		8C69BC6D1F1431C000FED63F /* Resources */ = {
			isa = PBXResourcesBuildPhase;
			buildActionMask = 2147483647;
			files = (
			);
			runOnlyForDeploymentPostprocessing = 0;
		};
/* End PBXResourcesBuildPhase section */

/* Begin PBXSourcesBuildPhase section */
		8C69BC4C1F1431C000FED63F /* Sources */ = {
			isa = PBXSourcesBuildPhase;
			buildActionMask = 2147483647;
			files = (
				8C69BC561F1431C000FED63F /* ViewController.swift in Sources */,
				8C69BC541F1431C000FED63F /* AppDelegate.swift in Sources */,
			);
			runOnlyForDeploymentPostprocessing = 0;
		};
		8C69BC601F1431C000FED63F /* Sources */ = {
			isa = PBXSourcesBuildPhase;
			buildActionMask = 2147483647;
			files = (
				8C69BC691F1431C000FED63F /* BucketListTests.swift in Sources */,
			);
			runOnlyForDeploymentPostprocessing = 0;
		};
		8C69BC6B1F1431C000FED63F /* Sources */ = {
			isa = PBXSourcesBuildPhase;
			buildActionMask = 2147483647;
			files = (
				8C69BC741F1431C000FED63F /* BucketListUITests.swift in Sources */,
			);
			runOnlyForDeploymentPostprocessing = 0;
		};
/* End PBXSourcesBuildPhase section */

/* Begin PBXTargetDependency section */
		8C69BC661F1431C000FED63F /* PBXTargetDependency */ = {
			isa = PBXTargetDependency;
			target = 8C69BC4F1F1431C000FED63F /* BucketList */;
			targetProxy = 8C69BC651F1431C000FED63F /* PBXContainerItemProxy */;
		};
		8C69BC711F1431C000FED63F /* PBXTargetDependency */ = {
			isa = PBXTargetDependency;
			target = 8C69BC4F1F1431C000FED63F /* BucketList */;
			targetProxy = 8C69BC701F1431C000FED63F /* PBXContainerItemProxy */;
		};
/* End PBXTargetDependency section */

/* Begin PBXVariantGroup section */
		8C69BC571F1431C000FED63F /* Main.storyboard */ = {
			isa = PBXVariantGroup;
			children = (
				8C69BC581F1431C000FED63F /* Base */,
			);
			name = Main.storyboard;
			sourceTree = "<group>";
		};
		8C69BC5C1F1431C000FED63F /* LaunchScreen.storyboard */ = {
			isa = PBXVariantGroup;
			children = (
				8C69BC5D1F1431C000FED63F /* Base */,
			);
			name = LaunchScreen.storyboard;
			sourceTree = "<group>";
		};
/* End PBXVariantGroup section */

/* Begin XCBuildConfiguration section */
		8C69BC761F1431C000FED63F /* Debug */ = {
			isa = XCBuildConfiguration;
			buildSettings = {
				ALWAYS_SEARCH_USER_PATHS = NO;
				CLANG_ANALYZER_NONNULL = YES;
				CLANG_ANALYZER_NUMBER_OBJECT_CONVERSION = YES_AGGRESSIVE;
				CLANG_CXX_LANGUAGE_STANDARD = "gnu++0x";
				CLANG_CXX_LIBRARY = "libc++";
				CLANG_ENABLE_MODULES = YES;
				CLANG_ENABLE_OBJC_ARC = YES;
				CLANG_WARN_BOOL_CONVERSION = YES;
				CLANG_WARN_CONSTANT_CONVERSION = YES;
				CLANG_WARN_DIRECT_OBJC_ISA_USAGE = YES_ERROR;
				CLANG_WARN_DOCUMENTATION_COMMENTS = YES;
				CLANG_WARN_EMPTY_BODY = YES;
				CLANG_WARN_ENUM_CONVERSION = YES;
				CLANG_WARN_INFINITE_RECURSION = YES;
				CLANG_WARN_INT_CONVERSION = YES;
				CLANG_WARN_OBJC_ROOT_CLASS = YES_ERROR;
				CLANG_WARN_SUSPICIOUS_MOVE = YES;
				CLANG_WARN_UNREACHABLE_CODE = YES;
				CLANG_WARN__DUPLICATE_METHOD_MATCH = YES;
				"CODE_SIGN_IDENTITY[sdk=iphoneos*]" = "iPhone Developer";
				COPY_PHASE_STRIP = NO;
				DEBUG_INFORMATION_FORMAT = dwarf;
				ENABLE_STRICT_OBJC_MSGSEND = YES;
				ENABLE_TESTABILITY = YES;
				GCC_C_LANGUAGE_STANDARD = gnu99;
				GCC_DYNAMIC_NO_PIC = NO;
				GCC_NO_COMMON_BLOCKS = YES;
				GCC_OPTIMIZATION_LEVEL = 0;
				GCC_PREPROCESSOR_DEFINITIONS = (
					"DEBUG=1",
					"$(inherited)",
				);
				GCC_WARN_64_TO_32_BIT_CONVERSION = YES;
				GCC_WARN_ABOUT_RETURN_TYPE = YES_ERROR;
				GCC_WARN_UNDECLARED_SELECTOR = YES;
				GCC_WARN_UNINITIALIZED_AUTOS = YES_AGGRESSIVE;
				GCC_WARN_UNUSED_FUNCTION = YES;
				GCC_WARN_UNUSED_VARIABLE = YES;
				IPHONEOS_DEPLOYMENT_TARGET = 10.3;
				MTL_ENABLE_DEBUG_INFO = YES;
				ONLY_ACTIVE_ARCH = YES;
				SDKROOT = iphoneos;
				SWIFT_ACTIVE_COMPILATION_CONDITIONS = DEBUG;
				SWIFT_OPTIMIZATION_LEVEL = "-Onone";
				TARGETED_DEVICE_FAMILY = "1,2";
			};
			name = Debug;
		};
		8C69BC771F1431C000FED63F /* Release */ = {
			isa = XCBuildConfiguration;
			buildSettings = {
				ALWAYS_SEARCH_USER_PATHS = NO;
				CLANG_ANALYZER_NONNULL = YES;
				CLANG_ANALYZER_NUMBER_OBJECT_CONVERSION = YES_AGGRESSIVE;
				CLANG_CXX_LANGUAGE_STANDARD = "gnu++0x";
				CLANG_CXX_LIBRARY = "libc++";
				CLANG_ENABLE_MODULES = YES;
				CLANG_ENABLE_OBJC_ARC = YES;
				CLANG_WARN_BOOL_CONVERSION = YES;
				CLANG_WARN_CONSTANT_CONVERSION = YES;
				CLANG_WARN_DIRECT_OBJC_ISA_USAGE = YES_ERROR;
				CLANG_WARN_DOCUMENTATION_COMMENTS = YES;
				CLANG_WARN_EMPTY_BODY = YES;
				CLANG_WARN_ENUM_CONVERSION = YES;
				CLANG_WARN_INFINITE_RECURSION = YES;
				CLANG_WARN_INT_CONVERSION = YES;
				CLANG_WARN_OBJC_ROOT_CLASS = YES_ERROR;
				CLANG_WARN_SUSPICIOUS_MOVE = YES;
				CLANG_WARN_UNREACHABLE_CODE = YES;
				CLANG_WARN__DUPLICATE_METHOD_MATCH = YES;
				"CODE_SIGN_IDENTITY[sdk=iphoneos*]" = "iPhone Developer";
				COPY_PHASE_STRIP = NO;
				DEBUG_INFORMATION_FORMAT = "dwarf-with-dsym";
				ENABLE_NS_ASSERTIONS = NO;
				ENABLE_STRICT_OBJC_MSGSEND = YES;
				GCC_C_LANGUAGE_STANDARD = gnu99;
				GCC_NO_COMMON_BLOCKS = YES;
				GCC_WARN_64_TO_32_BIT_CONVERSION = YES;
				GCC_WARN_ABOUT_RETURN_TYPE = YES_ERROR;
				GCC_WARN_UNDECLARED_SELECTOR = YES;
				GCC_WARN_UNINITIALIZED_AUTOS = YES_AGGRESSIVE;
				GCC_WARN_UNUSED_FUNCTION = YES;
				GCC_WARN_UNUSED_VARIABLE = YES;
				IPHONEOS_DEPLOYMENT_TARGET = 10.3;
				MTL_ENABLE_DEBUG_INFO = NO;
				SDKROOT = iphoneos;
				SWIFT_OPTIMIZATION_LEVEL = "-Owholemodule";
				TARGETED_DEVICE_FAMILY = "1,2";
				VALIDATE_PRODUCT = YES;
			};
			name = Release;
		};
		8C69BC791F1431C000FED63F /* Debug */ = {
			isa = XCBuildConfiguration;
			buildSettings = {
				ASSETCATALOG_COMPILER_APPICON_NAME = AppIcon;
				DEVELOPMENT_TEAM = G6RP4M9WGT;
				INFOPLIST_FILE = BucketList/Info.plist;
				LD_RUNPATH_SEARCH_PATHS = "$(inherited) @executable_path/Frameworks";
				PRODUCT_BUNDLE_IDENTIFIER = com.codingdojo.BucketList;
				PRODUCT_NAME = "$(TARGET_NAME)";
				SWIFT_VERSION = 3.0;
			};
			name = Debug;
		};
		8C69BC7A1F1431C000FED63F /* Release */ = {
			isa = XCBuildConfiguration;
			buildSettings = {
				ASSETCATALOG_COMPILER_APPICON_NAME = AppIcon;
				DEVELOPMENT_TEAM = G6RP4M9WGT;
				INFOPLIST_FILE = BucketList/Info.plist;
				LD_RUNPATH_SEARCH_PATHS = "$(inherited) @executable_path/Frameworks";
				PRODUCT_BUNDLE_IDENTIFIER = com.codingdojo.BucketList;
				PRODUCT_NAME = "$(TARGET_NAME)";
				SWIFT_VERSION = 3.0;
			};
			name = Release;
		};
		8C69BC7C1F1431C000FED63F /* Debug */ = {
			isa = XCBuildConfiguration;
			buildSettings = {
				ALWAYS_EMBED_SWIFT_STANDARD_LIBRARIES = YES;
				BUNDLE_LOADER = "$(TEST_HOST)";
				DEVELOPMENT_TEAM = G6RP4M9WGT;
				INFOPLIST_FILE = BucketListTests/Info.plist;
				LD_RUNPATH_SEARCH_PATHS = "$(inherited) @executable_path/Frameworks @loader_path/Frameworks";
				PRODUCT_BUNDLE_IDENTIFIER = com.codingdojo.BucketListTests;
				PRODUCT_NAME = "$(TARGET_NAME)";
				SWIFT_VERSION = 3.0;
				TEST_HOST = "$(BUILT_PRODUCTS_DIR)/BucketList.app/BucketList";
			};
			name = Debug;
		};
		8C69BC7D1F1431C000FED63F /* Release */ = {
			isa = XCBuildConfiguration;
			buildSettings = {
				ALWAYS_EMBED_SWIFT_STANDARD_LIBRARIES = YES;
				BUNDLE_LOADER = "$(TEST_HOST)";
				DEVELOPMENT_TEAM = G6RP4M9WGT;
				INFOPLIST_FILE = BucketListTests/Info.plist;
				LD_RUNPATH_SEARCH_PATHS = "$(inherited) @executable_path/Frameworks @loader_path/Frameworks";
				PRODUCT_BUNDLE_IDENTIFIER = com.codingdojo.BucketListTests;
				PRODUCT_NAME = "$(TARGET_NAME)";
				SWIFT_VERSION = 3.0;
				TEST_HOST = "$(BUILT_PRODUCTS_DIR)/BucketList.app/BucketList";
			};
			name = Release;
		};
		8C69BC7F1F1431C000FED63F /* Debug */ = {
			isa = XCBuildConfiguration;
			buildSettings = {
				ALWAYS_EMBED_SWIFT_STANDARD_LIBRARIES = YES;
				DEVELOPMENT_TEAM = G6RP4M9WGT;
				INFOPLIST_FILE = BucketListUITests/Info.plist;
				LD_RUNPATH_SEARCH_PATHS = "$(inherited) @executable_path/Frameworks @loader_path/Frameworks";
				PRODUCT_BUNDLE_IDENTIFIER = com.codingdojo.BucketListUITests;
				PRODUCT_NAME = "$(TARGET_NAME)";
				SWIFT_VERSION = 3.0;
				TEST_TARGET_NAME = BucketList;
			};
			name = Debug;
		};
		8C69BC801F1431C000FED63F /* Release */ = {
			isa = XCBuildConfiguration;
			buildSettings = {
				ALWAYS_EMBED_SWIFT_STANDARD_LIBRARIES = YES;
				DEVELOPMENT_TEAM = G6RP4M9WGT;
				INFOPLIST_FILE = BucketListUITests/Info.plist;
				LD_RUNPATH_SEARCH_PATHS = "$(inherited) @executable_path/Frameworks @loader_path/Frameworks";
				PRODUCT_BUNDLE_IDENTIFIER = com.codingdojo.BucketListUITests;
				PRODUCT_NAME = "$(TARGET_NAME)";
				SWIFT_VERSION = 3.0;
				TEST_TARGET_NAME = BucketList;
			};
			name = Release;
		};
/* End XCBuildConfiguration section */

/* Begin XCConfigurationList section */
		8C69BC4B1F1431C000FED63F /* Build configuration list for PBXProject "BucketList" */ = {
			isa = XCConfigurationList;
			buildConfigurations = (
				8C69BC761F1431C000FED63F /* Debug */,
				8C69BC771F1431C000FED63F /* Release */,
			);
			defaultConfigurationIsVisible = 0;
			defaultConfigurationName = Release;
		};
		8C69BC781F1431C000FED63F /* Build configuration list for PBXNativeTarget "BucketList" */ = {
			isa = XCConfigurationList;
			buildConfigurations = (
				8C69BC791F1431C000FED63F /* Debug */,
				8C69BC7A1F1431C000FED63F /* Release */,
			);
			defaultConfigurationIsVisible = 0;
		};
		8C69BC7B1F1431C000FED63F /* Build configuration list for PBXNativeTarget "BucketListTests" */ = {
			isa = XCConfigurationList;
			buildConfigurations = (
				8C69BC7C1F1431C000FED63F /* Debug */,
				8C69BC7D1F1431C000FED63F /* Release */,
			);
			defaultConfigurationIsVisible = 0;
		};
		8C69BC7E1F1431C000FED63F /* Build configuration list for PBXNativeTarget "BucketListUITests" */ = {
			isa = XCConfigurationList;
			buildConfigurations = (
				8C69BC7F1F1431C000FED63F /* Debug */,
				8C69BC801F1431C000FED63F /* Release */,
			);
			defaultConfigurationIsVisible = 0;
		};
/* End XCConfigurationList section */
	};
	rootObject = 8C69BC481F1431C000FED63F /* Project object */;
}
